// !$*UTF8*$!
{
	archiveVersion = 1;
	classes = {
	};
	objectVersion = 56;
	objects = {

/* Begin PBXBuildFile section */
		870B581E29123C6200ED1810 /* MonthAllowedBudgetView.swift in Sources */ = {isa = PBXBuildFile; fileRef = 870B581D29123C6200ED1810 /* MonthAllowedBudgetView.swift */; };
		870B582029123CCC00ED1810 /* SelectedCardView.swift in Sources */ = {isa = PBXBuildFile; fileRef = 870B581F29123CCC00ED1810 /* SelectedCardView.swift */; };
		870B582229123DA100ED1810 /* ExpensesView.swift in Sources */ = {isa = PBXBuildFile; fileRef = 870B582129123DA100ED1810 /* ExpensesView.swift */; };
		870B582429123EBE00ED1810 /* CardListView.swift in Sources */ = {isa = PBXBuildFile; fileRef = 870B582329123EBE00ED1810 /* CardListView.swift */; };
		870B58262912447800ED1810 /* SelectedCardsView.swift in Sources */ = {isa = PBXBuildFile; fileRef = 870B58252912447800ED1810 /* SelectedCardsView.swift */; };
		870B582829136FEE00ED1810 /* WalletViewModel.swift in Sources */ = {isa = PBXBuildFile; fileRef = 870B582729136FEE00ED1810 /* WalletViewModel.swift */; };
		870B582C2913718400ED1810 /* CardSelectionInput.swift in Sources */ = {isa = PBXBuildFile; fileRef = 870B582B2913718400ED1810 /* CardSelectionInput.swift */; };
		870B582F291371F500ED1810 /* CardSelectorType.swift in Sources */ = {isa = PBXBuildFile; fileRef = 870B582E291371F500ED1810 /* CardSelectorType.swift */; };
		870B58312913727C00ED1810 /* CardSelectionUseCase.swift in Sources */ = {isa = PBXBuildFile; fileRef = 870B58302913727C00ED1810 /* CardSelectionUseCase.swift */; };
		870B583429137AF900ED1810 /* AmountRemainingInput.swift in Sources */ = {isa = PBXBuildFile; fileRef = 870B583329137AF900ED1810 /* AmountRemainingInput.swift */; };
		870B583629137B4E00ED1810 /* AmountRemainCounterType.swift in Sources */ = {isa = PBXBuildFile; fileRef = 870B583529137B4E00ED1810 /* AmountRemainCounterType.swift */; };
		870B583829137BC000ED1810 /* AmountRemainingUseCase.swift in Sources */ = {isa = PBXBuildFile; fileRef = 870B583729137BC000ED1810 /* AmountRemainingUseCase.swift */; };
		870B583A2913928900ED1810 /* TransactionUseCase.swift in Sources */ = {isa = PBXBuildFile; fileRef = 870B58392913928900ED1810 /* TransactionUseCase.swift */; };
		870B583E29143C8B00ED1810 /* UserLocalDataSource.swift in Sources */ = {isa = PBXBuildFile; fileRef = 870B583D29143C8B00ED1810 /* UserLocalDataSource.swift */; };
		870B584029143C9B00ED1810 /* UserDataSourceDelegate.swift in Sources */ = {isa = PBXBuildFile; fileRef = 870B583F29143C9B00ED1810 /* UserDataSourceDelegate.swift */; };
		870B584229143CA900ED1810 /* LocalDataSource.swift in Sources */ = {isa = PBXBuildFile; fileRef = 870B584129143CA900ED1810 /* LocalDataSource.swift */; };
		870B584529143CF800ED1810 /* DataSourceModelDelegate.swift in Sources */ = {isa = PBXBuildFile; fileRef = 870B584429143CF800ED1810 /* DataSourceModelDelegate.swift */; };
		870B584929143E3400ED1810 /* Log.swift in Sources */ = {isa = PBXBuildFile; fileRef = 870B584829143E3400ED1810 /* Log.swift */; };
		870B584C29143F6900ED1810 /* UserDataModel.swift in Sources */ = {isa = PBXBuildFile; fileRef = 870B584B29143F6900ED1810 /* UserDataModel.swift */; };
		870B58572914423D00ED1810 /* CreditCardDataModel.swift in Sources */ = {isa = PBXBuildFile; fileRef = 870B58562914423D00ED1810 /* CreditCardDataModel.swift */; };
		870B585E29155FB900ED1810 /* AuthScreen.swift in Sources */ = {isa = PBXBuildFile; fileRef = 870B585D29155FB900ED1810 /* AuthScreen.swift */; };
		870B5864291657C000ED1810 /* BudgetDataModel.swift in Sources */ = {isa = PBXBuildFile; fileRef = 870B5863291657C000ED1810 /* BudgetDataModel.swift */; };
		871E963E29165E480034D05A /* TransactionDataModel.swift in Sources */ = {isa = PBXBuildFile; fileRef = 871E963D29165E480034D05A /* TransactionDataModel.swift */; };
		871E964729165F250034D05A /* UserCD+CoreDataClass.swift in Sources */ = {isa = PBXBuildFile; fileRef = 871E963F29165F250034D05A /* UserCD+CoreDataClass.swift */; };
		871E964829165F250034D05A /* UserCD+CoreDataProperties.swift in Sources */ = {isa = PBXBuildFile; fileRef = 871E964029165F250034D05A /* UserCD+CoreDataProperties.swift */; };
		871E964929165F250034D05A /* BudgetCD+CoreDataClass.swift in Sources */ = {isa = PBXBuildFile; fileRef = 871E964129165F250034D05A /* BudgetCD+CoreDataClass.swift */; };
		871E964A29165F250034D05A /* BudgetCD+CoreDataProperties.swift in Sources */ = {isa = PBXBuildFile; fileRef = 871E964229165F250034D05A /* BudgetCD+CoreDataProperties.swift */; };
		871E964B29165F250034D05A /* TransactionsCD+CoreDataClass.swift in Sources */ = {isa = PBXBuildFile; fileRef = 871E964329165F250034D05A /* TransactionsCD+CoreDataClass.swift */; };
		871E964C29165F250034D05A /* TransactionsCD+CoreDataProperties.swift in Sources */ = {isa = PBXBuildFile; fileRef = 871E964429165F250034D05A /* TransactionsCD+CoreDataProperties.swift */; };
		871E964D29165F250034D05A /* CreditCardCD+CoreDataClass.swift in Sources */ = {isa = PBXBuildFile; fileRef = 871E964529165F250034D05A /* CreditCardCD+CoreDataClass.swift */; };
		871E964E29165F250034D05A /* CreditCardCD+CoreDataProperties.swift in Sources */ = {isa = PBXBuildFile; fileRef = 871E964629165F250034D05A /* CreditCardCD+CoreDataProperties.swift */; };
		871E96522916618C0034D05A /* UserRepository.swift in Sources */ = {isa = PBXBuildFile; fileRef = 871E96512916618C0034D05A /* UserRepository.swift */; };
		871E96542916619B0034D05A /* UserRepositoryDelegate.swift in Sources */ = {isa = PBXBuildFile; fileRef = 871E96532916619B0034D05A /* UserRepositoryDelegate.swift */; };
		871E9656291695C40034D05A /* StartTabView.swift in Sources */ = {isa = PBXBuildFile; fileRef = 871E9655291695C40034D05A /* StartTabView.swift */; };
		871E96582916960D0034D05A /* TitleTab.swift in Sources */ = {isa = PBXBuildFile; fileRef = 871E96572916960D0034D05A /* TitleTab.swift */; };
		871E965A291696470034D05A /* LetsGoButton.swift in Sources */ = {isa = PBXBuildFile; fileRef = 871E9659291696470034D05A /* LetsGoButton.swift */; };
		871E965D291697380034D05A /* RegisterTabView.swift in Sources */ = {isa = PBXBuildFile; fileRef = 871E965C291697380034D05A /* RegisterTabView.swift */; };
		871E965F291698820034D05A /* SuccessView.swift in Sources */ = {isa = PBXBuildFile; fileRef = 871E965E291698820034D05A /* SuccessView.swift */; };
		871E96612916993B0034D05A /* RegistrationSuccessTab.swift in Sources */ = {isa = PBXBuildFile; fileRef = 871E96602916993B0034D05A /* RegistrationSuccessTab.swift */; };
		871E9663291699C40034D05A /* AddFirstCardTab.swift in Sources */ = {isa = PBXBuildFile; fileRef = 871E9662291699C40034D05A /* AddFirstCardTab.swift */; };
		871E966629169C5F0034D05A /* BudgetListFirstCard.swift in Sources */ = {isa = PBXBuildFile; fileRef = 871E966529169C5F0034D05A /* BudgetListFirstCard.swift */; };
		871E96692916A4B60034D05A /* ScreenDelegate.swift in Sources */ = {isa = PBXBuildFile; fileRef = 871E96682916A4B60034D05A /* ScreenDelegate.swift */; };
		871E966B2916A4BF0034D05A /* Router.swift in Sources */ = {isa = PBXBuildFile; fileRef = 871E966A2916A4BF0034D05A /* Router.swift */; };
		8776A1E6291048E80082D606 /* MySavings_IOSApp.swift in Sources */ = {isa = PBXBuildFile; fileRef = 8776A1E5291048E80082D606 /* MySavings_IOSApp.swift */; };
		8776A1E8291048E80082D606 /* BaseFlowView.swift in Sources */ = {isa = PBXBuildFile; fileRef = 8776A1E7291048E80082D606 /* BaseFlowView.swift */; };
		8776A1EA291048E90082D606 /* Assets.xcassets in Resources */ = {isa = PBXBuildFile; fileRef = 8776A1E9291048E90082D606 /* Assets.xcassets */; };
		8776A1ED291048E90082D606 /* Preview Assets.xcassets in Resources */ = {isa = PBXBuildFile; fileRef = 8776A1EC291048E90082D606 /* Preview Assets.xcassets */; };
		8776A1EF291048E90082D606 /* Persistence.swift in Sources */ = {isa = PBXBuildFile; fileRef = 8776A1EE291048E90082D606 /* Persistence.swift */; };
		8776A1F2291048E90082D606 /* MySavings_IOS.xcdatamodeld in Sources */ = {isa = PBXBuildFile; fileRef = 8776A1F0291048E90082D606 /* MySavings_IOS.xcdatamodeld */; };
		8776A1FC291049840082D606 /* CardUser.swift in Sources */ = {isa = PBXBuildFile; fileRef = 8776A1FB291049840082D606 /* CardUser.swift */; };
		8776A1FE291049B10082D606 /* CreditCardData.swift in Sources */ = {isa = PBXBuildFile; fileRef = 8776A1FD291049B10082D606 /* CreditCardData.swift */; };
		8776A20129104AAD0082D606 /* CreditCardView.swift in Sources */ = {isa = PBXBuildFile; fileRef = 8776A20029104AAD0082D606 /* CreditCardView.swift */; };
		8776A203291052200082D606 /* WalletView.swift in Sources */ = {isa = PBXBuildFile; fileRef = 8776A202291052200082D606 /* WalletView.swift */; };
		8776A2052911175D0082D606 /* TransactionData.swift in Sources */ = {isa = PBXBuildFile; fileRef = 8776A2042911175D0082D606 /* TransactionData.swift */; };
		8776A2082911654E0082D606 /* CardModel.swift in Sources */ = {isa = PBXBuildFile; fileRef = 8776A2072911654E0082D606 /* CardModel.swift */; };
		8776A20B291165830082D606 /* Date + Extensions.swift in Sources */ = {isa = PBXBuildFile; fileRef = 8776A20A291165830082D606 /* Date + Extensions.swift */; };
		8776A20E291168A30082D606 /* ScrollViewOffsetPreferenceKey.swift in Sources */ = {isa = PBXBuildFile; fileRef = 8776A20D291168A30082D606 /* ScrollViewOffsetPreferenceKey.swift */; };
		8776A210291171060082D606 /* Double + extensions.swift in Sources */ = {isa = PBXBuildFile; fileRef = 8776A20F291171060082D606 /* Double + extensions.swift */; };
		8776A21229121E650082D606 /* Color + Extensions.swift in Sources */ = {isa = PBXBuildFile; fileRef = 8776A21129121E650082D606 /* Color + Extensions.swift */; };
		8776A214291222590082D606 /* ExpenseGraphModel.swift in Sources */ = {isa = PBXBuildFile; fileRef = 8776A213291222590082D606 /* ExpenseGraphModel.swift */; };
/* End PBXBuildFile section */

/* Begin PBXFileReference section */
		870B581D29123C6200ED1810 /* MonthAllowedBudgetView.swift */ = {isa = PBXFileReference; lastKnownFileType = sourcecode.swift; path = MonthAllowedBudgetView.swift; sourceTree = "<group>"; };
		870B581F29123CCC00ED1810 /* SelectedCardView.swift */ = {isa = PBXFileReference; lastKnownFileType = sourcecode.swift; path = SelectedCardView.swift; sourceTree = "<group>"; };
		870B582129123DA100ED1810 /* ExpensesView.swift */ = {isa = PBXFileReference; lastKnownFileType = sourcecode.swift; path = ExpensesView.swift; sourceTree = "<group>"; };
		870B582329123EBE00ED1810 /* CardListView.swift */ = {isa = PBXFileReference; lastKnownFileType = sourcecode.swift; path = CardListView.swift; sourceTree = "<group>"; };
		870B58252912447800ED1810 /* SelectedCardsView.swift */ = {isa = PBXFileReference; lastKnownFileType = sourcecode.swift; path = SelectedCardsView.swift; sourceTree = "<group>"; };
		870B582729136FEE00ED1810 /* WalletViewModel.swift */ = {isa = PBXFileReference; lastKnownFileType = sourcecode.swift; path = WalletViewModel.swift; sourceTree = "<group>"; };
		870B582B2913718400ED1810 /* CardSelectionInput.swift */ = {isa = PBXFileReference; lastKnownFileType = sourcecode.swift; path = CardSelectionInput.swift; sourceTree = "<group>"; };
		870B582E291371F500ED1810 /* CardSelectorType.swift */ = {isa = PBXFileReference; lastKnownFileType = sourcecode.swift; path = CardSelectorType.swift; sourceTree = "<group>"; };
		870B58302913727C00ED1810 /* CardSelectionUseCase.swift */ = {isa = PBXFileReference; lastKnownFileType = sourcecode.swift; path = CardSelectionUseCase.swift; sourceTree = "<group>"; };
		870B583329137AF900ED1810 /* AmountRemainingInput.swift */ = {isa = PBXFileReference; lastKnownFileType = sourcecode.swift; path = AmountRemainingInput.swift; sourceTree = "<group>"; };
		870B583529137B4E00ED1810 /* AmountRemainCounterType.swift */ = {isa = PBXFileReference; lastKnownFileType = sourcecode.swift; path = AmountRemainCounterType.swift; sourceTree = "<group>"; };
		870B583729137BC000ED1810 /* AmountRemainingUseCase.swift */ = {isa = PBXFileReference; lastKnownFileType = sourcecode.swift; path = AmountRemainingUseCase.swift; sourceTree = "<group>"; };
		870B58392913928900ED1810 /* TransactionUseCase.swift */ = {isa = PBXFileReference; lastKnownFileType = sourcecode.swift; path = TransactionUseCase.swift; sourceTree = "<group>"; };
		870B583D29143C8B00ED1810 /* UserLocalDataSource.swift */ = {isa = PBXFileReference; lastKnownFileType = sourcecode.swift; path = UserLocalDataSource.swift; sourceTree = "<group>"; };
		870B583F29143C9B00ED1810 /* UserDataSourceDelegate.swift */ = {isa = PBXFileReference; lastKnownFileType = sourcecode.swift; path = UserDataSourceDelegate.swift; sourceTree = "<group>"; };
		870B584129143CA900ED1810 /* LocalDataSource.swift */ = {isa = PBXFileReference; lastKnownFileType = sourcecode.swift; path = LocalDataSource.swift; sourceTree = "<group>"; };
		870B584429143CF800ED1810 /* DataSourceModelDelegate.swift */ = {isa = PBXFileReference; lastKnownFileType = sourcecode.swift; path = DataSourceModelDelegate.swift; sourceTree = "<group>"; };
		870B584829143E3400ED1810 /* Log.swift */ = {isa = PBXFileReference; lastKnownFileType = sourcecode.swift; path = Log.swift; sourceTree = "<group>"; };
		870B584B29143F6900ED1810 /* UserDataModel.swift */ = {isa = PBXFileReference; lastKnownFileType = sourcecode.swift; path = UserDataModel.swift; sourceTree = "<group>"; };
		870B58562914423D00ED1810 /* CreditCardDataModel.swift */ = {isa = PBXFileReference; lastKnownFileType = sourcecode.swift; path = CreditCardDataModel.swift; sourceTree = "<group>"; };
		870B585D29155FB900ED1810 /* AuthScreen.swift */ = {isa = PBXFileReference; lastKnownFileType = sourcecode.swift; path = AuthScreen.swift; sourceTree = "<group>"; };
		870B5863291657C000ED1810 /* BudgetDataModel.swift */ = {isa = PBXFileReference; lastKnownFileType = sourcecode.swift; path = BudgetDataModel.swift; sourceTree = "<group>"; };
		871E963D29165E480034D05A /* TransactionDataModel.swift */ = {isa = PBXFileReference; lastKnownFileType = sourcecode.swift; path = TransactionDataModel.swift; sourceTree = "<group>"; };
		871E963F29165F250034D05A /* UserCD+CoreDataClass.swift */ = {isa = PBXFileReference; lastKnownFileType = sourcecode.swift; path = "UserCD+CoreDataClass.swift"; sourceTree = "<group>"; };
		871E964029165F250034D05A /* UserCD+CoreDataProperties.swift */ = {isa = PBXFileReference; lastKnownFileType = sourcecode.swift; path = "UserCD+CoreDataProperties.swift"; sourceTree = "<group>"; };
		871E964129165F250034D05A /* BudgetCD+CoreDataClass.swift */ = {isa = PBXFileReference; lastKnownFileType = sourcecode.swift; path = "BudgetCD+CoreDataClass.swift"; sourceTree = "<group>"; };
		871E964229165F250034D05A /* BudgetCD+CoreDataProperties.swift */ = {isa = PBXFileReference; lastKnownFileType = sourcecode.swift; path = "BudgetCD+CoreDataProperties.swift"; sourceTree = "<group>"; };
		871E964329165F250034D05A /* TransactionsCD+CoreDataClass.swift */ = {isa = PBXFileReference; lastKnownFileType = sourcecode.swift; path = "TransactionsCD+CoreDataClass.swift"; sourceTree = "<group>"; };
		871E964429165F250034D05A /* TransactionsCD+CoreDataProperties.swift */ = {isa = PBXFileReference; lastKnownFileType = sourcecode.swift; path = "TransactionsCD+CoreDataProperties.swift"; sourceTree = "<group>"; };
		871E964529165F250034D05A /* CreditCardCD+CoreDataClass.swift */ = {isa = PBXFileReference; lastKnownFileType = sourcecode.swift; path = "CreditCardCD+CoreDataClass.swift"; sourceTree = "<group>"; };
		871E964629165F250034D05A /* CreditCardCD+CoreDataProperties.swift */ = {isa = PBXFileReference; lastKnownFileType = sourcecode.swift; path = "CreditCardCD+CoreDataProperties.swift"; sourceTree = "<group>"; };
		871E96512916618C0034D05A /* UserRepository.swift */ = {isa = PBXFileReference; lastKnownFileType = sourcecode.swift; path = UserRepository.swift; sourceTree = "<group>"; };
		871E96532916619B0034D05A /* UserRepositoryDelegate.swift */ = {isa = PBXFileReference; lastKnownFileType = sourcecode.swift; path = UserRepositoryDelegate.swift; sourceTree = "<group>"; };
		871E9655291695C40034D05A /* StartTabView.swift */ = {isa = PBXFileReference; lastKnownFileType = sourcecode.swift; path = StartTabView.swift; sourceTree = "<group>"; };
		871E96572916960D0034D05A /* TitleTab.swift */ = {isa = PBXFileReference; lastKnownFileType = sourcecode.swift; path = TitleTab.swift; sourceTree = "<group>"; };
		871E9659291696470034D05A /* LetsGoButton.swift */ = {isa = PBXFileReference; lastKnownFileType = sourcecode.swift; path = LetsGoButton.swift; sourceTree = "<group>"; };
		871E965C291697380034D05A /* RegisterTabView.swift */ = {isa = PBXFileReference; lastKnownFileType = sourcecode.swift; path = RegisterTabView.swift; sourceTree = "<group>"; };
		871E965E291698820034D05A /* SuccessView.swift */ = {isa = PBXFileReference; lastKnownFileType = sourcecode.swift; path = SuccessView.swift; sourceTree = "<group>"; };
		871E96602916993B0034D05A /* RegistrationSuccessTab.swift */ = {isa = PBXFileReference; lastKnownFileType = sourcecode.swift; path = RegistrationSuccessTab.swift; sourceTree = "<group>"; };
		871E9662291699C40034D05A /* AddFirstCardTab.swift */ = {isa = PBXFileReference; lastKnownFileType = sourcecode.swift; path = AddFirstCardTab.swift; sourceTree = "<group>"; };
		871E966529169C5F0034D05A /* BudgetListFirstCard.swift */ = {isa = PBXFileReference; lastKnownFileType = sourcecode.swift; path = BudgetListFirstCard.swift; sourceTree = "<group>"; };
		871E96682916A4B60034D05A /* ScreenDelegate.swift */ = {isa = PBXFileReference; lastKnownFileType = sourcecode.swift; path = ScreenDelegate.swift; sourceTree = "<group>"; };
		871E966A2916A4BF0034D05A /* Router.swift */ = {isa = PBXFileReference; lastKnownFileType = sourcecode.swift; path = Router.swift; sourceTree = "<group>"; };
		8776A1E2291048E80082D606 /* MySavings-IOS.app */ = {isa = PBXFileReference; explicitFileType = wrapper.application; includeInIndex = 0; path = "MySavings-IOS.app"; sourceTree = BUILT_PRODUCTS_DIR; };
		8776A1E5291048E80082D606 /* MySavings_IOSApp.swift */ = {isa = PBXFileReference; lastKnownFileType = sourcecode.swift; path = MySavings_IOSApp.swift; sourceTree = "<group>"; };
		8776A1E7291048E80082D606 /* BaseFlowView.swift */ = {isa = PBXFileReference; lastKnownFileType = sourcecode.swift; path = BaseFlowView.swift; sourceTree = "<group>"; };
		8776A1E9291048E90082D606 /* Assets.xcassets */ = {isa = PBXFileReference; lastKnownFileType = folder.assetcatalog; path = Assets.xcassets; sourceTree = "<group>"; };
		8776A1EC291048E90082D606 /* Preview Assets.xcassets */ = {isa = PBXFileReference; lastKnownFileType = folder.assetcatalog; path = "Preview Assets.xcassets"; sourceTree = "<group>"; };
		8776A1EE291048E90082D606 /* Persistence.swift */ = {isa = PBXFileReference; lastKnownFileType = sourcecode.swift; path = Persistence.swift; sourceTree = "<group>"; };
		8776A1F1291048E90082D606 /* MySavings_IOS.xcdatamodel */ = {isa = PBXFileReference; lastKnownFileType = wrapper.xcdatamodel; path = MySavings_IOS.xcdatamodel; sourceTree = "<group>"; };
		8776A1FB291049840082D606 /* CardUser.swift */ = {isa = PBXFileReference; lastKnownFileType = sourcecode.swift; path = CardUser.swift; sourceTree = "<group>"; };
		8776A1FD291049B10082D606 /* CreditCardData.swift */ = {isa = PBXFileReference; lastKnownFileType = sourcecode.swift; path = CreditCardData.swift; sourceTree = "<group>"; };
		8776A20029104AAD0082D606 /* CreditCardView.swift */ = {isa = PBXFileReference; lastKnownFileType = sourcecode.swift; path = CreditCardView.swift; sourceTree = "<group>"; };
		8776A202291052200082D606 /* WalletView.swift */ = {isa = PBXFileReference; lastKnownFileType = sourcecode.swift; path = WalletView.swift; sourceTree = "<group>"; };
		8776A2042911175D0082D606 /* TransactionData.swift */ = {isa = PBXFileReference; lastKnownFileType = sourcecode.swift; path = TransactionData.swift; sourceTree = "<group>"; };
		8776A2072911654E0082D606 /* CardModel.swift */ = {isa = PBXFileReference; lastKnownFileType = sourcecode.swift; path = CardModel.swift; sourceTree = "<group>"; };
		8776A20A291165830082D606 /* Date + Extensions.swift */ = {isa = PBXFileReference; lastKnownFileType = sourcecode.swift; path = "Date + Extensions.swift"; sourceTree = "<group>"; };
		8776A20D291168A30082D606 /* ScrollViewOffsetPreferenceKey.swift */ = {isa = PBXFileReference; lastKnownFileType = sourcecode.swift; path = ScrollViewOffsetPreferenceKey.swift; sourceTree = "<group>"; };
		8776A20F291171060082D606 /* Double + extensions.swift */ = {isa = PBXFileReference; lastKnownFileType = sourcecode.swift; path = "Double + extensions.swift"; sourceTree = "<group>"; };
		8776A21129121E650082D606 /* Color + Extensions.swift */ = {isa = PBXFileReference; lastKnownFileType = sourcecode.swift; path = "Color + Extensions.swift"; sourceTree = "<group>"; };
		8776A213291222590082D606 /* ExpenseGraphModel.swift */ = {isa = PBXFileReference; lastKnownFileType = sourcecode.swift; path = ExpenseGraphModel.swift; sourceTree = "<group>"; };
/* End PBXFileReference section */

/* Begin PBXFrameworksBuildPhase section */
		8776A1DF291048E80082D606 /* Frameworks */ = {
			isa = PBXFrameworksBuildPhase;
			buildActionMask = 2147483647;
			files = (
			);
			runOnlyForDeploymentPostprocessing = 0;
		};
/* End PBXFrameworksBuildPhase section */

/* Begin PBXGroup section */
		870B581C29123C3E00ED1810 /* WalletScreen */ = {
			isa = PBXGroup;
			children = (
				8776A202291052200082D606 /* WalletView.swift */,
				870B581D29123C6200ED1810 /* MonthAllowedBudgetView.swift */,
				870B581F29123CCC00ED1810 /* SelectedCardView.swift */,
				870B582129123DA100ED1810 /* ExpensesView.swift */,
				870B582329123EBE00ED1810 /* CardListView.swift */,
				870B58252912447800ED1810 /* SelectedCardsView.swift */,
				870B582729136FEE00ED1810 /* WalletViewModel.swift */,
			);
			path = WalletScreen;
			sourceTree = "<group>";
		};
		870B58292913701D00ED1810 /* Wallets */ = {
			isa = PBXGroup;
			children = (
				870B583229137ADC00ED1810 /* MonthRemainingAmountUseCase */,
				870B582A2913716400ED1810 /* CardSelectionUseCase */,
				870B58392913928900ED1810 /* TransactionUseCase.swift */,
			);
			path = Wallets;
			sourceTree = "<group>";
		};
		870B582A2913716400ED1810 /* CardSelectionUseCase */ = {
			isa = PBXGroup;
			children = (
				870B582B2913718400ED1810 /* CardSelectionInput.swift */,
				870B582E291371F500ED1810 /* CardSelectorType.swift */,
				870B58302913727C00ED1810 /* CardSelectionUseCase.swift */,
			);
			path = CardSelectionUseCase;
			sourceTree = "<group>";
		};
		870B583229137ADC00ED1810 /* MonthRemainingAmountUseCase */ = {
			isa = PBXGroup;
			children = (
				870B583329137AF900ED1810 /* AmountRemainingInput.swift */,
				870B583529137B4E00ED1810 /* AmountRemainCounterType.swift */,
				870B583729137BC000ED1810 /* AmountRemainingUseCase.swift */,
			);
			path = MonthRemainingAmountUseCase;
			sourceTree = "<group>";
		};
		870B583B29143B5B00ED1810 /* AuthScreen */ = {
			isa = PBXGroup;
			children = (
				871E965B291697240034D05A /* Tabs */,
				870B585D29155FB900ED1810 /* AuthScreen.swift */,
				871E96572916960D0034D05A /* TitleTab.swift */,
				871E9659291696470034D05A /* LetsGoButton.swift */,
				871E965E291698820034D05A /* SuccessView.swift */,
			);
			path = AuthScreen;
			sourceTree = "<group>";
		};
		870B583C29143C7100ED1810 /* LocalDataSources */ = {
			isa = PBXGroup;
			children = (
				870B584A29143F5500ED1810 /* CDModels */,
				870B584629143D0700ED1810 /* LocalDataSource */,
				870B584329143CE000ED1810 /* UserDataSource */,
			);
			path = LocalDataSources;
			sourceTree = "<group>";
		};
		870B584329143CE000ED1810 /* UserDataSource */ = {
			isa = PBXGroup;
			children = (
				870B583D29143C8B00ED1810 /* UserLocalDataSource.swift */,
				870B583F29143C9B00ED1810 /* UserDataSourceDelegate.swift */,
			);
			path = UserDataSource;
			sourceTree = "<group>";
		};
		870B584629143D0700ED1810 /* LocalDataSource */ = {
			isa = PBXGroup;
			children = (
				870B584129143CA900ED1810 /* LocalDataSource.swift */,
				870B584429143CF800ED1810 /* DataSourceModelDelegate.swift */,
			);
			path = LocalDataSource;
			sourceTree = "<group>";
		};
		870B584729143E2B00ED1810 /* Logger */ = {
			isa = PBXGroup;
			children = (
				870B584829143E3400ED1810 /* Log.swift */,
			);
			path = Logger;
			sourceTree = "<group>";
		};
		870B584A29143F5500ED1810 /* CDModels */ = {
			isa = PBXGroup;
			children = (
				870B584B29143F6900ED1810 /* UserDataModel.swift */,
				870B58562914423D00ED1810 /* CreditCardDataModel.swift */,
				870B5863291657C000ED1810 /* BudgetDataModel.swift */,
				871E963D29165E480034D05A /* TransactionDataModel.swift */,
			);
			path = CDModels;
			sourceTree = "<group>";
		};
		870B584D2914417A00ED1810 /* CoreData */ = {
			isa = PBXGroup;
			children = (
				871E963F29165F250034D05A /* UserCD+CoreDataClass.swift */,
				871E964029165F250034D05A /* UserCD+CoreDataProperties.swift */,
				871E964129165F250034D05A /* BudgetCD+CoreDataClass.swift */,
				871E964229165F250034D05A /* BudgetCD+CoreDataProperties.swift */,
				871E964329165F250034D05A /* TransactionsCD+CoreDataClass.swift */,
				871E964429165F250034D05A /* TransactionsCD+CoreDataProperties.swift */,
				871E964529165F250034D05A /* CreditCardCD+CoreDataClass.swift */,
				871E964629165F250034D05A /* CreditCardCD+CoreDataProperties.swift */,
			);
			path = CoreData;
			sourceTree = "<group>";
		};
		871E964F291661720034D05A /* Repository */ = {
			isa = PBXGroup;
			children = (
				871E96502916617D0034D05A /* UserRepository */,
			);
			name = Repository;
			sourceTree = "<group>";
		};
		871E96502916617D0034D05A /* UserRepository */ = {
			isa = PBXGroup;
			children = (
				871E96512916618C0034D05A /* UserRepository.swift */,
				871E96532916619B0034D05A /* UserRepositoryDelegate.swift */,
			);
			name = UserRepository;
			sourceTree = "<group>";
		};
		871E965B291697240034D05A /* Tabs */ = {
			isa = PBXGroup;
			children = (
				871E9662291699C40034D05A /* AddFirstCardTab.swift */,
				871E9655291695C40034D05A /* StartTabView.swift */,
				871E965C291697380034D05A /* RegisterTabView.swift */,
				871E96602916993B0034D05A /* RegistrationSuccessTab.swift */,
				871E966529169C5F0034D05A /* BudgetListFirstCard.swift */,
			);
			path = Tabs;
			sourceTree = "<group>";
		};
		871E96672916A4A40034D05A /* Router */ = {
			isa = PBXGroup;
			children = (
				871E96682916A4B60034D05A /* ScreenDelegate.swift */,
				871E966A2916A4BF0034D05A /* Router.swift */,
			);
			path = Router;
			sourceTree = "<group>";
		};
		8776A1D9291048E80082D606 = {
			isa = PBXGroup;
			children = (
				8776A1E4291048E80082D606 /* MySavings-IOS */,
				8776A1E3291048E80082D606 /* Products */,
			);
			sourceTree = "<group>";
		};
		8776A1E3291048E80082D606 /* Products */ = {
			isa = PBXGroup;
			children = (
				8776A1E2291048E80082D606 /* MySavings-IOS.app */,
			);
			name = Products;
			sourceTree = "<group>";
		};
		8776A1E4291048E80082D606 /* MySavings-IOS */ = {
			isa = PBXGroup;
			children = (
				8776A1FA291049680082D606 /* Presentation */,
				8776A1F92910495E0082D606 /* Core */,
				8776A1F8291049590082D606 /* Domain */,
				8776A1E5291048E80082D606 /* MySavings_IOSApp.swift */,
				8776A1E7291048E80082D606 /* BaseFlowView.swift */,
				8776A1E9291048E90082D606 /* Assets.xcassets */,
				8776A1EE291048E90082D606 /* Persistence.swift */,
				8776A1F0291048E90082D606 /* MySavings_IOS.xcdatamodeld */,
				8776A1EB291048E90082D606 /* Preview Content */,
			);
			path = "MySavings-IOS";
			sourceTree = "<group>";
		};
		8776A1EB291048E90082D606 /* Preview Content */ = {
			isa = PBXGroup;
			children = (
				8776A1EC291048E90082D606 /* Preview Assets.xcassets */,
			);
			path = "Preview Content";
			sourceTree = "<group>";
		};
		8776A1F8291049590082D606 /* Domain */ = {
			isa = PBXGroup;
			children = (
				871E964F291661720034D05A /* Repository */,
				870B584D2914417A00ED1810 /* CoreData */,
				870B583C29143C7100ED1810 /* LocalDataSources */,
				870B58292913701D00ED1810 /* Wallets */,
				8776A206291165400082D606 /* Model */,
			);
			path = Domain;
			sourceTree = "<group>";
		};
		8776A1F92910495E0082D606 /* Core */ = {
			isa = PBXGroup;
			children = (
				870B584729143E2B00ED1810 /* Logger */,
				8776A20C291168880082D606 /* PreferenceKey */,
				8776A209291165730082D606 /* Extensions */,
				8776A1FF29104A930082D606 /* Data */,
			);
			path = Core;
			sourceTree = "<group>";
		};
		8776A1FA291049680082D606 /* Presentation */ = {
			isa = PBXGroup;
			children = (
				871E96672916A4A40034D05A /* Router */,
				870B583B29143B5B00ED1810 /* AuthScreen */,
				870B581C29123C3E00ED1810 /* WalletScreen */,
				8776A20029104AAD0082D606 /* CreditCardView.swift */,
			);
			path = Presentation;
			sourceTree = "<group>";
		};
		8776A1FF29104A930082D606 /* Data */ = {
			isa = PBXGroup;
			children = (
				8776A1FB291049840082D606 /* CardUser.swift */,
				8776A1FD291049B10082D606 /* CreditCardData.swift */,
				8776A2042911175D0082D606 /* TransactionData.swift */,
			);
			path = Data;
			sourceTree = "<group>";
		};
		8776A206291165400082D606 /* Model */ = {
			isa = PBXGroup;
			children = (
				8776A2072911654E0082D606 /* CardModel.swift */,
				8776A213291222590082D606 /* ExpenseGraphModel.swift */,
			);
			path = Model;
			sourceTree = "<group>";
		};
		8776A209291165730082D606 /* Extensions */ = {
			isa = PBXGroup;
			children = (
				8776A20A291165830082D606 /* Date + Extensions.swift */,
				8776A20D291168A30082D606 /* ScrollViewOffsetPreferenceKey.swift */,
				8776A20F291171060082D606 /* Double + extensions.swift */,
				8776A21129121E650082D606 /* Color + Extensions.swift */,
			);
			path = Extensions;
			sourceTree = "<group>";
		};
		8776A20C291168880082D606 /* PreferenceKey */ = {
			isa = PBXGroup;
			children = (
			);
			path = PreferenceKey;
			sourceTree = "<group>";
		};
/* End PBXGroup section */

/* Begin PBXNativeTarget section */
		8776A1E1291048E80082D606 /* MySavings-IOS */ = {
			isa = PBXNativeTarget;
			buildConfigurationList = 8776A1F5291048E90082D606 /* Build configuration list for PBXNativeTarget "MySavings-IOS" */;
			buildPhases = (
				8776A1DE291048E80082D606 /* Sources */,
				8776A1DF291048E80082D606 /* Frameworks */,
				8776A1E0291048E80082D606 /* Resources */,
			);
			buildRules = (
			);
			dependencies = (
			);
			name = "MySavings-IOS";
			productName = "MySavings-IOS";
			productReference = 8776A1E2291048E80082D606 /* MySavings-IOS.app */;
			productType = "com.apple.product-type.application";
		};
/* End PBXNativeTarget section */

/* Begin PBXProject section */
		8776A1DA291048E80082D606 /* Project object */ = {
			isa = PBXProject;
			attributes = {
				BuildIndependentTargetsInParallel = 1;
				LastSwiftUpdateCheck = 1400;
				LastUpgradeCheck = 1400;
				TargetAttributes = {
					8776A1E1291048E80082D606 = {
						CreatedOnToolsVersion = 14.0.1;
					};
				};
			};
			buildConfigurationList = 8776A1DD291048E80082D606 /* Build configuration list for PBXProject "MySavings-IOS" */;
			compatibilityVersion = "Xcode 14.0";
			developmentRegion = en;
			hasScannedForEncodings = 0;
			knownRegions = (
				en,
				Base,
			);
			mainGroup = 8776A1D9291048E80082D606;
			productRefGroup = 8776A1E3291048E80082D606 /* Products */;
			projectDirPath = "";
			projectRoot = "";
			targets = (
				8776A1E1291048E80082D606 /* MySavings-IOS */,
			);
		};
/* End PBXProject section */

/* Begin PBXResourcesBuildPhase section */
		8776A1E0291048E80082D606 /* Resources */ = {
			isa = PBXResourcesBuildPhase;
			buildActionMask = 2147483647;
			files = (
				8776A1ED291048E90082D606 /* Preview Assets.xcassets in Resources */,
				8776A1EA291048E90082D606 /* Assets.xcassets in Resources */,
			);
			runOnlyForDeploymentPostprocessing = 0;
		};
/* End PBXResourcesBuildPhase section */

/* Begin PBXSourcesBuildPhase section */
		8776A1DE291048E80082D606 /* Sources */ = {
			isa = PBXSourcesBuildPhase;
			buildActionMask = 2147483647;
			files = (
				8776A1EF291048E90082D606 /* Persistence.swift in Sources */,
				871E96542916619B0034D05A /* UserRepositoryDelegate.swift in Sources */,
				8776A21229121E650082D606 /* Color + Extensions.swift in Sources */,
				870B584929143E3400ED1810 /* Log.swift in Sources */,
				871E964829165F250034D05A /* UserCD+CoreDataProperties.swift in Sources */,
				8776A1F2291048E90082D606 /* MySavings_IOS.xcdatamodeld in Sources */,
				870B582429123EBE00ED1810 /* CardListView.swift in Sources */,
				870B584529143CF800ED1810 /* DataSourceModelDelegate.swift in Sources */,
				870B582029123CCC00ED1810 /* SelectedCardView.swift in Sources */,
				871E96582916960D0034D05A /* TitleTab.swift in Sources */,
				8776A210291171060082D606 /* Double + extensions.swift in Sources */,
				870B582829136FEE00ED1810 /* WalletViewModel.swift in Sources */,
				8776A214291222590082D606 /* ExpenseGraphModel.swift in Sources */,
				870B58572914423D00ED1810 /* CreditCardDataModel.swift in Sources */,
				871E964D29165F250034D05A /* CreditCardCD+CoreDataClass.swift in Sources */,
				870B582F291371F500ED1810 /* CardSelectorType.swift in Sources */,
				870B58262912447800ED1810 /* SelectedCardsView.swift in Sources */,
				870B582C2913718400ED1810 /* CardSelectionInput.swift in Sources */,
				871E963E29165E480034D05A /* TransactionDataModel.swift in Sources */,
				8776A1FE291049B10082D606 /* CreditCardData.swift in Sources */,
				870B582229123DA100ED1810 /* ExpensesView.swift in Sources */,
				871E965F291698820034D05A /* SuccessView.swift in Sources */,
				871E9663291699C40034D05A /* AddFirstCardTab.swift in Sources */,
				870B584029143C9B00ED1810 /* UserDataSourceDelegate.swift in Sources */,
				870B5864291657C000ED1810 /* BudgetDataModel.swift in Sources */,
				870B584C29143F6900ED1810 /* UserDataModel.swift in Sources */,
				871E964729165F250034D05A /* UserCD+CoreDataClass.swift in Sources */,
				871E96612916993B0034D05A /* RegistrationSuccessTab.swift in Sources */,
				8776A20E291168A30082D606 /* ScrollViewOffsetPreferenceKey.swift in Sources */,
				870B583A2913928900ED1810 /* TransactionUseCase.swift in Sources */,
				871E965A291696470034D05A /* LetsGoButton.swift in Sources */,
				870B583629137B4E00ED1810 /* AmountRemainCounterType.swift in Sources */,
				871E964A29165F250034D05A /* BudgetCD+CoreDataProperties.swift in Sources */,
				870B58312913727C00ED1810 /* CardSelectionUseCase.swift in Sources */,
				871E965D291697380034D05A /* RegisterTabView.swift in Sources */,
				8776A1E8291048E80082D606 /* BaseFlowView.swift in Sources */,
				8776A20129104AAD0082D606 /* CreditCardView.swift in Sources */,
				871E96692916A4B60034D05A /* ScreenDelegate.swift in Sources */,
				870B583E29143C8B00ED1810 /* UserLocalDataSource.swift in Sources */,
				8776A1FC291049840082D606 /* CardUser.swift in Sources */,
				870B585E29155FB900ED1810 /* AuthScreen.swift in Sources */,
				871E964B29165F250034D05A /* TransactionsCD+CoreDataClass.swift in Sources */,
				871E964C29165F250034D05A /* TransactionsCD+CoreDataProperties.swift in Sources */,
				871E966629169C5F0034D05A /* BudgetListFirstCard.swift in Sources */,
				8776A20B291165830082D606 /* Date + Extensions.swift in Sources */,
				870B581E29123C6200ED1810 /* MonthAllowedBudgetView.swift in Sources */,
				870B584229143CA900ED1810 /* LocalDataSource.swift in Sources */,
				8776A2052911175D0082D606 /* TransactionData.swift in Sources */,
				8776A1E6291048E80082D606 /* MySavings_IOSApp.swift in Sources */,
				8776A203291052200082D606 /* WalletView.swift in Sources */,
				871E966B2916A4BF0034D05A /* Router.swift in Sources */,
				871E964929165F250034D05A /* BudgetCD+CoreDataClass.swift in Sources */,
				871E9656291695C40034D05A /* StartTabView.swift in Sources */,
				870B583829137BC000ED1810 /* AmountRemainingUseCase.swift in Sources */,
				871E964E29165F250034D05A /* CreditCardCD+CoreDataProperties.swift in Sources */,
				870B583429137AF900ED1810 /* AmountRemainingInput.swift in Sources */,
				871E96522916618C0034D05A /* UserRepository.swift in Sources */,
				8776A2082911654E0082D606 /* CardModel.swift in Sources */,
			);
			runOnlyForDeploymentPostprocessing = 0;
		};
/* End PBXSourcesBuildPhase section */

/* Begin XCBuildConfiguration section */
		8776A1F3291048E90082D606 /* Debug */ = {
			isa = XCBuildConfiguration;
			buildSettings = {
				ALWAYS_SEARCH_USER_PATHS = NO;
				CLANG_ANALYZER_NONNULL = YES;
				CLANG_ANALYZER_NUMBER_OBJECT_CONVERSION = YES_AGGRESSIVE;
				CLANG_CXX_LANGUAGE_STANDARD = "gnu++20";
				CLANG_ENABLE_MODULES = YES;
				CLANG_ENABLE_OBJC_ARC = YES;
				CLANG_ENABLE_OBJC_WEAK = YES;
				CLANG_WARN_BLOCK_CAPTURE_AUTORELEASING = YES;
				CLANG_WARN_BOOL_CONVERSION = YES;
				CLANG_WARN_COMMA = YES;
				CLANG_WARN_CONSTANT_CONVERSION = YES;
				CLANG_WARN_DEPRECATED_OBJC_IMPLEMENTATIONS = YES;
				CLANG_WARN_DIRECT_OBJC_ISA_USAGE = YES_ERROR;
				CLANG_WARN_DOCUMENTATION_COMMENTS = YES;
				CLANG_WARN_EMPTY_BODY = YES;
				CLANG_WARN_ENUM_CONVERSION = YES;
				CLANG_WARN_INFINITE_RECURSION = YES;
				CLANG_WARN_INT_CONVERSION = YES;
				CLANG_WARN_NON_LITERAL_NULL_CONVERSION = YES;
				CLANG_WARN_OBJC_IMPLICIT_RETAIN_SELF = YES;
				CLANG_WARN_OBJC_LITERAL_CONVERSION = YES;
				CLANG_WARN_OBJC_ROOT_CLASS = YES_ERROR;
				CLANG_WARN_QUOTED_INCLUDE_IN_FRAMEWORK_HEADER = YES;
				CLANG_WARN_RANGE_LOOP_ANALYSIS = YES;
				CLANG_WARN_STRICT_PROTOTYPES = YES;
				CLANG_WARN_SUSPICIOUS_MOVE = YES;
				CLANG_WARN_UNGUARDED_AVAILABILITY = YES_AGGRESSIVE;
				CLANG_WARN_UNREACHABLE_CODE = YES;
				CLANG_WARN__DUPLICATE_METHOD_MATCH = YES;
				COPY_PHASE_STRIP = NO;
				DEBUG_INFORMATION_FORMAT = dwarf;
				ENABLE_STRICT_OBJC_MSGSEND = YES;
				ENABLE_TESTABILITY = YES;
				GCC_C_LANGUAGE_STANDARD = gnu11;
				GCC_DYNAMIC_NO_PIC = NO;
				GCC_NO_COMMON_BLOCKS = YES;
				GCC_OPTIMIZATION_LEVEL = 0;
				GCC_PREPROCESSOR_DEFINITIONS = (
					"DEBUG=1",
					"$(inherited)",
				);
				GCC_WARN_64_TO_32_BIT_CONVERSION = YES;
				GCC_WARN_ABOUT_RETURN_TYPE = YES_ERROR;
				GCC_WARN_UNDECLARED_SELECTOR = YES;
				GCC_WARN_UNINITIALIZED_AUTOS = YES_AGGRESSIVE;
				GCC_WARN_UNUSED_FUNCTION = YES;
				GCC_WARN_UNUSED_VARIABLE = YES;
				IPHONEOS_DEPLOYMENT_TARGET = 16.0;
				MTL_ENABLE_DEBUG_INFO = INCLUDE_SOURCE;
				MTL_FAST_MATH = YES;
				ONLY_ACTIVE_ARCH = YES;
				SDKROOT = iphoneos;
				SWIFT_ACTIVE_COMPILATION_CONDITIONS = DEBUG;
				SWIFT_OPTIMIZATION_LEVEL = "-Onone";
			};
			name = Debug;
		};
		8776A1F4291048E90082D606 /* Release */ = {
			isa = XCBuildConfiguration;
			buildSettings = {
				ALWAYS_SEARCH_USER_PATHS = NO;
				CLANG_ANALYZER_NONNULL = YES;
				CLANG_ANALYZER_NUMBER_OBJECT_CONVERSION = YES_AGGRESSIVE;
				CLANG_CXX_LANGUAGE_STANDARD = "gnu++20";
				CLANG_ENABLE_MODULES = YES;
				CLANG_ENABLE_OBJC_ARC = YES;
				CLANG_ENABLE_OBJC_WEAK = YES;
				CLANG_WARN_BLOCK_CAPTURE_AUTORELEASING = YES;
				CLANG_WARN_BOOL_CONVERSION = YES;
				CLANG_WARN_COMMA = YES;
				CLANG_WARN_CONSTANT_CONVERSION = YES;
				CLANG_WARN_DEPRECATED_OBJC_IMPLEMENTATIONS = YES;
				CLANG_WARN_DIRECT_OBJC_ISA_USAGE = YES_ERROR;
				CLANG_WARN_DOCUMENTATION_COMMENTS = YES;
				CLANG_WARN_EMPTY_BODY = YES;
				CLANG_WARN_ENUM_CONVERSION = YES;
				CLANG_WARN_INFINITE_RECURSION = YES;
				CLANG_WARN_INT_CONVERSION = YES;
				CLANG_WARN_NON_LITERAL_NULL_CONVERSION = YES;
				CLANG_WARN_OBJC_IMPLICIT_RETAIN_SELF = YES;
				CLANG_WARN_OBJC_LITERAL_CONVERSION = YES;
				CLANG_WARN_OBJC_ROOT_CLASS = YES_ERROR;
				CLANG_WARN_QUOTED_INCLUDE_IN_FRAMEWORK_HEADER = YES;
				CLANG_WARN_RANGE_LOOP_ANALYSIS = YES;
				CLANG_WARN_STRICT_PROTOTYPES = YES;
				CLANG_WARN_SUSPICIOUS_MOVE = YES;
				CLANG_WARN_UNGUARDED_AVAILABILITY = YES_AGGRESSIVE;
				CLANG_WARN_UNREACHABLE_CODE = YES;
				CLANG_WARN__DUPLICATE_METHOD_MATCH = YES;
				COPY_PHASE_STRIP = NO;
				DEBUG_INFORMATION_FORMAT = "dwarf-with-dsym";
				ENABLE_NS_ASSERTIONS = NO;
				ENABLE_STRICT_OBJC_MSGSEND = YES;
				GCC_C_LANGUAGE_STANDARD = gnu11;
				GCC_NO_COMMON_BLOCKS = YES;
				GCC_WARN_64_TO_32_BIT_CONVERSION = YES;
				GCC_WARN_ABOUT_RETURN_TYPE = YES_ERROR;
				GCC_WARN_UNDECLARED_SELECTOR = YES;
				GCC_WARN_UNINITIALIZED_AUTOS = YES_AGGRESSIVE;
				GCC_WARN_UNUSED_FUNCTION = YES;
				GCC_WARN_UNUSED_VARIABLE = YES;
				IPHONEOS_DEPLOYMENT_TARGET = 16.0;
				MTL_ENABLE_DEBUG_INFO = NO;
				MTL_FAST_MATH = YES;
				SDKROOT = iphoneos;
				SWIFT_COMPILATION_MODE = wholemodule;
				SWIFT_OPTIMIZATION_LEVEL = "-O";
				VALIDATE_PRODUCT = YES;
			};
			name = Release;
		};
		8776A1F6291048E90082D606 /* Debug */ = {
			isa = XCBuildConfiguration;
			buildSettings = {
				ASSETCATALOG_COMPILER_APPICON_NAME = AppIcon;
				ASSETCATALOG_COMPILER_GLOBAL_ACCENT_COLOR_NAME = AccentColor;
				CODE_SIGN_STYLE = Automatic;
				CURRENT_PROJECT_VERSION = 1;
				DEVELOPMENT_ASSET_PATHS = "\"MySavings-IOS/Preview Content\"";
				DEVELOPMENT_TEAM = STFH26U9BW;
				ENABLE_PREVIEWS = YES;
				GENERATE_INFOPLIST_FILE = YES;
				INFOPLIST_KEY_UIApplicationSceneManifest_Generation = YES;
				INFOPLIST_KEY_UIApplicationSupportsIndirectInputEvents = YES;
				INFOPLIST_KEY_UILaunchScreen_Generation = YES;
				INFOPLIST_KEY_UISupportedInterfaceOrientations_iPad = "UIInterfaceOrientationPortrait UIInterfaceOrientationPortraitUpsideDown UIInterfaceOrientationLandscapeLeft UIInterfaceOrientationLandscapeRight";
				INFOPLIST_KEY_UISupportedInterfaceOrientations_iPhone = "UIInterfaceOrientationPortrait UIInterfaceOrientationLandscapeLeft UIInterfaceOrientationLandscapeRight";
				LD_RUNPATH_SEARCH_PATHS = (
					"$(inherited)",
					"@executable_path/Frameworks",
				);
				MARKETING_VERSION = 1.0;
				PRODUCT_BUNDLE_IDENTIFIER = "com.moondev.MySavings-IOS";
				PRODUCT_NAME = "$(TARGET_NAME)";
				SWIFT_EMIT_LOC_STRINGS = YES;
				SWIFT_VERSION = 5.0;
				TARGETED_DEVICE_FAMILY = "1,2";
			};
			name = Debug;
		};
		8776A1F7291048E90082D606 /* Release */ = {
			isa = XCBuildConfiguration;
			buildSettings = {
				ASSETCATALOG_COMPILER_APPICON_NAME = AppIcon;
				ASSETCATALOG_COMPILER_GLOBAL_ACCENT_COLOR_NAME = AccentColor;
				CODE_SIGN_STYLE = Automatic;
				CURRENT_PROJECT_VERSION = 1;
				DEVELOPMENT_ASSET_PATHS = "\"MySavings-IOS/Preview Content\"";
				DEVELOPMENT_TEAM = STFH26U9BW;
				ENABLE_PREVIEWS = YES;
				GENERATE_INFOPLIST_FILE = YES;
				INFOPLIST_KEY_UIApplicationSceneManifest_Generation = YES;
				INFOPLIST_KEY_UIApplicationSupportsIndirectInputEvents = YES;
				INFOPLIST_KEY_UILaunchScreen_Generation = YES;
				INFOPLIST_KEY_UISupportedInterfaceOrientations_iPad = "UIInterfaceOrientationPortrait UIInterfaceOrientationPortraitUpsideDown UIInterfaceOrientationLandscapeLeft UIInterfaceOrientationLandscapeRight";
				INFOPLIST_KEY_UISupportedInterfaceOrientations_iPhone = "UIInterfaceOrientationPortrait UIInterfaceOrientationLandscapeLeft UIInterfaceOrientationLandscapeRight";
				LD_RUNPATH_SEARCH_PATHS = (
					"$(inherited)",
					"@executable_path/Frameworks",
				);
				MARKETING_VERSION = 1.0;
				PRODUCT_BUNDLE_IDENTIFIER = "com.moondev.MySavings-IOS";
				PRODUCT_NAME = "$(TARGET_NAME)";
				SWIFT_EMIT_LOC_STRINGS = YES;
				SWIFT_VERSION = 5.0;
				TARGETED_DEVICE_FAMILY = "1,2";
			};
			name = Release;
		};
/* End XCBuildConfiguration section */

/* Begin XCConfigurationList section */
		8776A1DD291048E80082D606 /* Build configuration list for PBXProject "MySavings-IOS" */ = {
			isa = XCConfigurationList;
			buildConfigurations = (
				8776A1F3291048E90082D606 /* Debug */,
				8776A1F4291048E90082D606 /* Release */,
			);
			defaultConfigurationIsVisible = 0;
			defaultConfigurationName = Release;
		};
		8776A1F5291048E90082D606 /* Build configuration list for PBXNativeTarget "MySavings-IOS" */ = {
			isa = XCConfigurationList;
			buildConfigurations = (
				8776A1F6291048E90082D606 /* Debug */,
				8776A1F7291048E90082D606 /* Release */,
			);
			defaultConfigurationIsVisible = 0;
			defaultConfigurationName = Release;
		};
/* End XCConfigurationList section */

/* Begin XCVersionGroup section */
		8776A1F0291048E90082D606 /* MySavings_IOS.xcdatamodeld */ = {
			isa = XCVersionGroup;
			children = (
				8776A1F1291048E90082D606 /* MySavings_IOS.xcdatamodel */,
			);
			currentVersion = 8776A1F1291048E90082D606 /* MySavings_IOS.xcdatamodel */;
			path = MySavings_IOS.xcdatamodeld;
			sourceTree = "<group>";
			versionGroupType = wrapper.xcdatamodel;
		};
/* End XCVersionGroup section */
	};
	rootObject = 8776A1DA291048E80082D606 /* Project object */;
}
